version = 2

[[packages]]
name = "std"
ref = "path@../encore-index/packages/std"
version = "0.0.1"

[[packages]]
name = "rich"
ref = "path@../encore-index/packages/rich"
version = "0.0.0"

[[packages]]
name = "json"
ref = "path@../encore-index/packages/json"
version = "0.0.0"

[[packages]]
name = "ehirlib"
ref = "path@../encore-index/packages/ehir"
version = "0.0.0"

[[packages]]
name = "ehir_llvm_backend"
ref = "path@../encore-index/packages/ehir-llvm-backend"
version = "0.0.0"

[[packages]]
name = "toml"
ref = "path@../encore-index/packages/toml"
version = "0.0.0"

[[packages]]
name = "colorterm"
ref = "path@../encore-index/packages/colorterm"
version = "0.0.0"

[[packages]]
name = "argparse"
ref = "path@../encore-index/packages/argparse"
version = "0.0.0"

[[packages]]
name = "secret_store"
ref = "path@../encore-index/packages/secret-store"
version = "0.1.0"

[[packages]]
name = "core"
ref = "sys@core"
version = "0.0.0"

[[packages]]
name = "platform"
ref = "sys@platform"
version = "0.0.0"

[[packages]]
name = "log"
ref = "path@../log"
version = "0.0.0"

[[packages]]
name = "llvm"
ref = "path@../llvm"
version = "0.0.0"
