version = 2

[[packages]]
name = "std"
ref = "index@std@1.0.0"
version = "1.0.0"
archive = "https://github.com/encore-ecosystem/encore-index/releases/download/packages-v0.1.4/std-1.0.0.tar.gz"
checksum = "7890121f5a8c56a65fa37aecd1a4884d54e8e1cd86e9ee6e744bf0a78577d01b"

[[packages]]
name = "rich"
ref = "index@rich@1.0.0"
version = "1.0.0"
archive = "https://github.com/encore-ecosystem/encore-index/releases/download/packages-v0.1.4/rich-1.0.0.tar.gz"
checksum = "98d12190cde85d73dfa61b24873051a3ea849abf54b340f3b79560d8084007c2"

[[packages]]
name = "json"
ref = "index@json@1.0.0"
version = "1.0.0"
archive = "https://github.com/encore-ecosystem/encore-index/releases/download/packages-v0.1.4/json-1.0.0.tar.gz"
checksum = "74f32edb64067e32f2d410e87632d9ad020a47cb9fd85de7aa95fd9a9ee59c74"

[[packages]]
name = "ehirlib"
ref = "index@ehirlib@0.0.0"
version = "0.0.0"
archive = "https://github.com/encore-ecosystem/encore-index/releases/download/packages-v0.1.4/ehirlib-0.0.0.tar.gz"
checksum = "6dcb7137872f1c0e42311ae1855cc20c78e79b217736a41e6e7195b4dc1e4b3e"

[[packages]]
name = "ehir_llvm_backend"
ref = "index@ehir_llvm_backend@0.0.0"
version = "0.0.0"
archive = "https://github.com/encore-ecosystem/encore-index/releases/download/packages-v0.1.4/ehir_llvm_backend-0.0.0.tar.gz"
checksum = "081bfa9cd68b15f6abecb25b7b7c924490d6d07f74eeee6753926d650e6df2d3"

[[packages]]
name = "toml"
ref = "index@toml@1.0.0"
version = "1.0.0"
archive = "https://github.com/encore-ecosystem/encore-index/releases/download/packages-v0.1.4/toml-1.0.0.tar.gz"
checksum = "4b9a249ce07f2dd4325734aede4d7ac0cc8929de4612ecb257babed8e31c548c"

[[packages]]
name = "colorterm"
ref = "index@colorterm@1.0.0"
version = "1.0.0"
archive = "https://github.com/encore-ecosystem/encore-index/releases/download/packages-v0.1.4/colorterm-1.0.0.tar.gz"
checksum = "62042a0f529cd57af1b5f89001c264f343bd4012fae52d4ed8ff19e99d330f01"

[[packages]]
name = "core"
ref = "sys@core"
version = "0.0.0"

[[packages]]
name = "log"
ref = "index@log@1.0.0"
version = "1.0.0"
archive = "https://github.com/encore-ecosystem/encore-index/releases/download/packages-v0.1.4/log-1.0.0.tar.gz"
checksum = "3f3a01b2aef6a7454b40d50169c78a5417b0f58300c74b2ab6235aecdbb19b94"

[[packages]]
name = "llvm"
ref = "index@llvm@0.0.0"
version = "0.0.0"
archive = "https://github.com/encore-ecosystem/encore-index/releases/download/packages-v0.1.4/llvm-0.0.0.tar.gz"
checksum = "bceaf2e7598059312516bc5f3d5f8d3d2f543980945ff86359d32ac42ee89759"
