version = 1

[[packages]]
name = "std"
ref = "path@index/std"
version = "1.0.0"

[[packages]]
name = "rich"
ref = "path@index/rich"
version = "1.0.0"

[[packages]]
name = "ehirlib"
ref = "path@index/ehir"
version = "0.0.0"

[[packages]]
name = "ehir_llvm_backend"
ref = "path@index/ehir-llvm-backend"
version = "0.0.0"

[[packages]]
name = "toml"
ref = "path@index/toml"
version = "1.0.0"

[[packages]]
name = "colorterm"
ref = "path@index/colorterm"
version = "1.0.0"

[[packages]]
name = "core"
ref = "sys@core"
version = "0.0.0"

[[packages]]
name = "colorterm"
ref = "path@../colorterm"
version = "1.0.0"

[[packages]]
name = "json"
ref = "path@../json"
version = "1.0.0"

[[packages]]
name = "log"
ref = "path@../log"
version = "1.0.0"

[[packages]]
name = "std"
ref = "path@../std"
version = "1.0.0"

[[packages]]
name = "ehirlib"
ref = "path@../ehir"
version = "0.0.0"

[[packages]]
name = "llvm"
ref = "path@../llvm"
version = "0.0.0"
