version = 2

[[packages]]
name = "encore_ui"
ref = "path@.."
version = "0.1.0"
features = ["fonts"]

[[packages]]
name = "core"
ref = "sys@core"
version = "0.0.0"

[[packages]]
name = "color"
ref = "path@../color"
version = "0.1.0"

[[packages]]
name = "geometry"
ref = "path@../geometry"
version = "0.1.0"

[[packages]]
name = "ui_native"
ref = "workspace@ui_native"
version = "0.1.0"
source = "embedded@encore_ui"
path = "workspace/ui_native"
