version = 2

[[packages]]
name = "a"
ref = "path@packages/a"
version = "0.0.0"

[[packages]]
name = "b"
ref = "path@packages/b"
version = "0.0.0"

[[packages]]
name = "core"
ref = "sys@core"
version = "0.0.0"

[[packages]]
name = "shared"
ref = "path@../shared"
version = "0.0.0"
features = ["left", "right"]
